// !$*UTF8*$!
{
	archiveVersion = 1;
	classes = {
	};
	objectVersion = 50;
	objects = {

/* Begin PBXBuildFile section */
		8C59E74721A2849300714602 /* Picture.swift in Sources */ = {isa = PBXBuildFile; fileRef = 8C59E74321A2849300714602 /* Picture.swift */; };
		8C59E74821A2849300714602 /* User.swift in Sources */ = {isa = PBXBuildFile; fileRef = 8C59E74421A2849300714602 /* User.swift */; };
		8C59E74921A2849300714602 /* PictureFactory.swift in Sources */ = {isa = PBXBuildFile; fileRef = 8C59E74521A2849300714602 /* PictureFactory.swift */; };
		8C59E74A21A2849300714602 /* UserFactory.swift in Sources */ = {isa = PBXBuildFile; fileRef = 8C59E74621A2849300714602 /* UserFactory.swift */; };
		8C59E74C21A285B500714602 /* UsersStorage.swift in Sources */ = {isa = PBXBuildFile; fileRef = 8C59E74B21A285B500714602 /* UsersStorage.swift */; };
		8C59E75321A2891900714602 /* ListTableViewController.swift in Sources */ = {isa = PBXBuildFile; fileRef = 8C59E75221A2891800714602 /* ListTableViewController.swift */; };
		8C7DE37521A0876D00FE1017 /* APIService.swift in Sources */ = {isa = PBXBuildFile; fileRef = 8C7DE37421A0876D00FE1017 /* APIService.swift */; };
		8C7DE37821A08BF000FE1017 /* Endpoint.swift in Sources */ = {isa = PBXBuildFile; fileRef = 8C7DE37721A08BF000FE1017 /* Endpoint.swift */; };
		8C7DE37D21A0968C00FE1017 /* EndpointTests.swift in Sources */ = {isa = PBXBuildFile; fileRef = 8C7DE37C21A0968C00FE1017 /* EndpointTests.swift */; };
		8CB58242219CB8E300FBCE6C /* AppDelegate.swift in Sources */ = {isa = PBXBuildFile; fileRef = 8CB58241219CB8E300FBCE6C /* AppDelegate.swift */; };
		8CB58247219CB8E300FBCE6C /* Main.storyboard in Resources */ = {isa = PBXBuildFile; fileRef = 8CB58245219CB8E300FBCE6C /* Main.storyboard */; };
		8CB58249219CB8E400FBCE6C /* Assets.xcassets in Resources */ = {isa = PBXBuildFile; fileRef = 8CB58248219CB8E400FBCE6C /* Assets.xcassets */; };
		8CB5824C219CB8E400FBCE6C /* LaunchScreen.storyboard in Resources */ = {isa = PBXBuildFile; fileRef = 8CB5824A219CB8E400FBCE6C /* LaunchScreen.storyboard */; };
		8CB58262219CB8E500FBCE6C /* RandomUserSwiftyiOSExampleUITests.swift in Sources */ = {isa = PBXBuildFile; fileRef = 8CB58261219CB8E500FBCE6C /* RandomUserSwiftyiOSExampleUITests.swift */; };
		8CF6F18321A1BFD600415996 /* APIResponseParser.swift in Sources */ = {isa = PBXBuildFile; fileRef = 8CF6F18221A1BFD600415996 /* APIResponseParser.swift */; };
		8CF6F18521A1C0FA00415996 /* APIResponseParserTests.swift in Sources */ = {isa = PBXBuildFile; fileRef = 8CF6F18421A1C0FA00415996 /* APIResponseParserTests.swift */; };
		8CF6F18B21A1D2DE00415996 /* APIResponse.swift in Sources */ = {isa = PBXBuildFile; fileRef = 8CF6F18A21A1D2DE00415996 /* APIResponse.swift */; };
		8CF6F19321A1EA7300415996 /* response_mock.json in Resources */ = {isa = PBXBuildFile; fileRef = 8CF6F19221A1EA7300415996 /* response_mock.json */; };
		8CF6F19521A1F7C300415996 /* Configuration.swift in Sources */ = {isa = PBXBuildFile; fileRef = 8CF6F19421A1F7C300415996 /* Configuration.swift */; };
/* End PBXBuildFile section */

/* Begin PBXContainerItemProxy section */
		8CB58253219CB8E500FBCE6C /* PBXContainerItemProxy */ = {
			isa = PBXContainerItemProxy;
			containerPortal = 8CB58236219CB8E300FBCE6C /* Project object */;
			proxyType = 1;
			remoteGlobalIDString = 8CB5823D219CB8E300FBCE6C;
			remoteInfo = RandomUserSwiftyiOSExample;
		};
		8CB5825E219CB8E500FBCE6C /* PBXContainerItemProxy */ = {
			isa = PBXContainerItemProxy;
			containerPortal = 8CB58236219CB8E300FBCE6C /* Project object */;
			proxyType = 1;
			remoteGlobalIDString = 8CB5823D219CB8E300FBCE6C;
			remoteInfo = RandomUserSwiftyiOSExample;
		};
/* End PBXContainerItemProxy section */

/* Begin PBXFileReference section */
		8C59E74321A2849300714602 /* Picture.swift */ = {isa = PBXFileReference; fileEncoding = 4; lastKnownFileType = sourcecode.swift; path = Picture.swift; sourceTree = "<group>"; };
		8C59E74421A2849300714602 /* User.swift */ = {isa = PBXFileReference; fileEncoding = 4; lastKnownFileType = sourcecode.swift; path = User.swift; sourceTree = "<group>"; };
		8C59E74521A2849300714602 /* PictureFactory.swift */ = {isa = PBXFileReference; fileEncoding = 4; lastKnownFileType = sourcecode.swift; path = PictureFactory.swift; sourceTree = "<group>"; };
		8C59E74621A2849300714602 /* UserFactory.swift */ = {isa = PBXFileReference; fileEncoding = 4; lastKnownFileType = sourcecode.swift; path = UserFactory.swift; sourceTree = "<group>"; };
		8C59E74B21A285B500714602 /* UsersStorage.swift */ = {isa = PBXFileReference; lastKnownFileType = sourcecode.swift; path = UsersStorage.swift; sourceTree = "<group>"; };
		8C59E75221A2891800714602 /* ListTableViewController.swift */ = {isa = PBXFileReference; fileEncoding = 4; lastKnownFileType = sourcecode.swift; path = ListTableViewController.swift; sourceTree = "<group>"; };
		8C7DE37421A0876D00FE1017 /* APIService.swift */ = {isa = PBXFileReference; lastKnownFileType = sourcecode.swift; path = APIService.swift; sourceTree = "<group>"; };
		8C7DE37721A08BF000FE1017 /* Endpoint.swift */ = {isa = PBXFileReference; lastKnownFileType = sourcecode.swift; path = Endpoint.swift; sourceTree = "<group>"; };
		8C7DE37C21A0968C00FE1017 /* EndpointTests.swift */ = {isa = PBXFileReference; lastKnownFileType = sourcecode.swift; path = EndpointTests.swift; sourceTree = "<group>"; };
		8CB5823E219CB8E300FBCE6C /* RandomUserSwiftyiOSExample.app */ = {isa = PBXFileReference; explicitFileType = wrapper.application; includeInIndex = 0; path = RandomUserSwiftyiOSExample.app; sourceTree = BUILT_PRODUCTS_DIR; };
		8CB58241219CB8E300FBCE6C /* AppDelegate.swift */ = {isa = PBXFileReference; lastKnownFileType = sourcecode.swift; path = AppDelegate.swift; sourceTree = "<group>"; };
		8CB58246219CB8E300FBCE6C /* Base */ = {isa = PBXFileReference; lastKnownFileType = file.storyboard; name = Base; path = Base.lproj/Main.storyboard; sourceTree = "<group>"; };
		8CB58248219CB8E400FBCE6C /* Assets.xcassets */ = {isa = PBXFileReference; lastKnownFileType = folder.assetcatalog; path = Assets.xcassets; sourceTree = "<group>"; };
		8CB5824B219CB8E400FBCE6C /* Base */ = {isa = PBXFileReference; lastKnownFileType = file.storyboard; name = Base; path = Base.lproj/LaunchScreen.storyboard; sourceTree = "<group>"; };
		8CB5824D219CB8E400FBCE6C /* Info.plist */ = {isa = PBXFileReference; lastKnownFileType = text.plist.xml; path = Info.plist; sourceTree = "<group>"; };
		8CB58252219CB8E500FBCE6C /* RandomUserSwiftyiOSExampleTests.xctest */ = {isa = PBXFileReference; explicitFileType = wrapper.cfbundle; includeInIndex = 0; path = RandomUserSwiftyiOSExampleTests.xctest; sourceTree = BUILT_PRODUCTS_DIR; };
		8CB58258219CB8E500FBCE6C /* Info.plist */ = {isa = PBXFileReference; lastKnownFileType = text.plist.xml; path = Info.plist; sourceTree = "<group>"; };
		8CB5825D219CB8E500FBCE6C /* RandomUserSwiftyiOSExampleUITests.xctest */ = {isa = PBXFileReference; explicitFileType = wrapper.cfbundle; includeInIndex = 0; path = RandomUserSwiftyiOSExampleUITests.xctest; sourceTree = BUILT_PRODUCTS_DIR; };
		8CB58261219CB8E500FBCE6C /* RandomUserSwiftyiOSExampleUITests.swift */ = {isa = PBXFileReference; lastKnownFileType = sourcecode.swift; path = RandomUserSwiftyiOSExampleUITests.swift; sourceTree = "<group>"; };
		8CB58263219CB8E500FBCE6C /* Info.plist */ = {isa = PBXFileReference; lastKnownFileType = text.plist.xml; path = Info.plist; sourceTree = "<group>"; };
		8CF6F18221A1BFD600415996 /* APIResponseParser.swift */ = {isa = PBXFileReference; lastKnownFileType = sourcecode.swift; path = APIResponseParser.swift; sourceTree = "<group>"; };
		8CF6F18421A1C0FA00415996 /* APIResponseParserTests.swift */ = {isa = PBXFileReference; lastKnownFileType = sourcecode.swift; path = APIResponseParserTests.swift; sourceTree = "<group>"; };
		8CF6F18A21A1D2DE00415996 /* APIResponse.swift */ = {isa = PBXFileReference; lastKnownFileType = sourcecode.swift; path = APIResponse.swift; sourceTree = "<group>"; };
		8CF6F19221A1EA7300415996 /* response_mock.json */ = {isa = PBXFileReference; fileEncoding = 4; lastKnownFileType = text.json; path = response_mock.json; sourceTree = "<group>"; };
		8CF6F19421A1F7C300415996 /* Configuration.swift */ = {isa = PBXFileReference; lastKnownFileType = sourcecode.swift; path = Configuration.swift; sourceTree = "<group>"; };
/* End PBXFileReference section */

/* Begin PBXFrameworksBuildPhase section */
		8CB5823B219CB8E300FBCE6C /* Frameworks */ = {
			isa = PBXFrameworksBuildPhase;
			buildActionMask = 2147483647;
			files = (
			);
			runOnlyForDeploymentPostprocessing = 0;
		};
		8CB5824F219CB8E500FBCE6C /* Frameworks */ = {
			isa = PBXFrameworksBuildPhase;
			buildActionMask = 2147483647;
			files = (
			);
			runOnlyForDeploymentPostprocessing = 0;
		};
		8CB5825A219CB8E500FBCE6C /* Frameworks */ = {
			isa = PBXFrameworksBuildPhase;
			buildActionMask = 2147483647;
			files = (
			);
			runOnlyForDeploymentPostprocessing = 0;
		};
/* End PBXFrameworksBuildPhase section */

/* Begin PBXGroup section */
		8C59E74221A2849300714602 /* Model */ = {
			isa = PBXGroup;
			children = (
				8C59E74321A2849300714602 /* Picture.swift */,
				8C59E74421A2849300714602 /* User.swift */,
				8C59E74521A2849300714602 /* PictureFactory.swift */,
				8C59E74621A2849300714602 /* UserFactory.swift */,
				8C59E74B21A285B500714602 /* UsersStorage.swift */,
			);
			path = Model;
			sourceTree = "<group>";
		};
		8C59E75021A2891800714602 /* Screens */ = {
			isa = PBXGroup;
			children = (
				8C59E75121A2891800714602 /* List */,
			);
			path = Screens;
			sourceTree = "<group>";
		};
		8C59E75121A2891800714602 /* List */ = {
			isa = PBXGroup;
			children = (
				8C59E75221A2891800714602 /* ListTableViewController.swift */,
			);
			path = List;
			sourceTree = "<group>";
		};
		8C59E75421A28BDB00714602 /* UI */ = {
			isa = PBXGroup;
			children = (
				8CB5824A219CB8E400FBCE6C /* LaunchScreen.storyboard */,
				8CB58248219CB8E400FBCE6C /* Assets.xcassets */,
				8CB58245219CB8E300FBCE6C /* Main.storyboard */,
			);
			path = UI;
			sourceTree = "<group>";
		};
		8C7DE37621A08BDE00FE1017 /* API */ = {
			isa = PBXGroup;
			children = (
				8C7DE37721A08BF000FE1017 /* Endpoint.swift */,
				8CF6F18A21A1D2DE00415996 /* APIResponse.swift */,
				8CF6F18221A1BFD600415996 /* APIResponseParser.swift */,
				8C7DE37421A0876D00FE1017 /* APIService.swift */,
			);
			path = API;
			sourceTree = "<group>";
		};
		8C7DE37B21A0967B00FE1017 /* API */ = {
			isa = PBXGroup;
			children = (
				8CF6F19221A1EA7300415996 /* response_mock.json */,
				8C7DE37C21A0968C00FE1017 /* EndpointTests.swift */,
				8CF6F18421A1C0FA00415996 /* APIResponseParserTests.swift */,
			);
			path = API;
			sourceTree = "<group>";
		};
		8CB58235219CB8E300FBCE6C = {
			isa = PBXGroup;
			children = (
				8CB58240219CB8E300FBCE6C /* RandomUserSwiftyiOSExample */,
				8CB58255219CB8E500FBCE6C /* RandomUserSwiftyiOSExampleTests */,
				8CB58260219CB8E500FBCE6C /* RandomUserSwiftyiOSExampleUITests */,
				8CB5823F219CB8E300FBCE6C /* Products */,
			);
			sourceTree = "<group>";
		};
		8CB5823F219CB8E300FBCE6C /* Products */ = {
			isa = PBXGroup;
			children = (
				8CB5823E219CB8E300FBCE6C /* RandomUserSwiftyiOSExample.app */,
				8CB58252219CB8E500FBCE6C /* RandomUserSwiftyiOSExampleTests.xctest */,
				8CB5825D219CB8E500FBCE6C /* RandomUserSwiftyiOSExampleUITests.xctest */,
			);
			name = Products;
			sourceTree = "<group>";
		};
		8CB58240219CB8E300FBCE6C /* RandomUserSwiftyiOSExample */ = {
			isa = PBXGroup;
			children = (
				8C59E75021A2891800714602 /* Screens */,
				8C7DE37621A08BDE00FE1017 /* API */,
				8C59E74221A2849300714602 /* Model */,
				8C59E75421A28BDB00714602 /* UI */,
				8CB58241219CB8E300FBCE6C /* AppDelegate.swift */,
				8CF6F19421A1F7C300415996 /* Configuration.swift */,
				8CB5824D219CB8E400FBCE6C /* Info.plist */,
			);
			path = RandomUserSwiftyiOSExample;
			sourceTree = "<group>";
		};
		8CB58255219CB8E500FBCE6C /* RandomUserSwiftyiOSExampleTests */ = {
			isa = PBXGroup;
			children = (
				8C7DE37B21A0967B00FE1017 /* API */,
				8CB58258219CB8E500FBCE6C /* Info.plist */,
			);
			path = RandomUserSwiftyiOSExampleTests;
			sourceTree = "<group>";
		};
		8CB58260219CB8E500FBCE6C /* RandomUserSwiftyiOSExampleUITests */ = {
			isa = PBXGroup;
			children = (
				8CB58261219CB8E500FBCE6C /* RandomUserSwiftyiOSExampleUITests.swift */,
				8CB58263219CB8E500FBCE6C /* Info.plist */,
			);
			path = RandomUserSwiftyiOSExampleUITests;
			sourceTree = "<group>";
		};
/* End PBXGroup section */

/* Begin PBXNativeTarget section */
		8CB5823D219CB8E300FBCE6C /* RandomUserSwiftyiOSExample */ = {
			isa = PBXNativeTarget;
			buildConfigurationList = 8CB58266219CB8E500FBCE6C /* Build configuration list for PBXNativeTarget "RandomUserSwiftyiOSExample" */;
			buildPhases = (
				8CB5823A219CB8E300FBCE6C /* Sources */,
				8CB5823B219CB8E300FBCE6C /* Frameworks */,
				8CB5823C219CB8E300FBCE6C /* Resources */,
			);
			buildRules = (
			);
			dependencies = (
			);
			name = RandomUserSwiftyiOSExample;
			productName = RandomUserSwiftyiOSExample;
			productReference = 8CB5823E219CB8E300FBCE6C /* RandomUserSwiftyiOSExample.app */;
			productType = "com.apple.product-type.application";
		};
		8CB58251219CB8E500FBCE6C /* RandomUserSwiftyiOSExampleTests */ = {
			isa = PBXNativeTarget;
			buildConfigurationList = 8CB58269219CB8E500FBCE6C /* Build configuration list for PBXNativeTarget "RandomUserSwiftyiOSExampleTests" */;
			buildPhases = (
				8CB5824E219CB8E500FBCE6C /* Sources */,
				8CB5824F219CB8E500FBCE6C /* Frameworks */,
				8CB58250219CB8E500FBCE6C /* Resources */,
			);
			buildRules = (
			);
			dependencies = (
				8CB58254219CB8E500FBCE6C /* PBXTargetDependency */,
			);
			name = RandomUserSwiftyiOSExampleTests;
			productName = RandomUserSwiftyiOSExampleTests;
			productReference = 8CB58252219CB8E500FBCE6C /* RandomUserSwiftyiOSExampleTests.xctest */;
			productType = "com.apple.product-type.bundle.unit-test";
		};
		8CB5825C219CB8E500FBCE6C /* RandomUserSwiftyiOSExampleUITests */ = {
			isa = PBXNativeTarget;
			buildConfigurationList = 8CB5826C219CB8E500FBCE6C /* Build configuration list for PBXNativeTarget "RandomUserSwiftyiOSExampleUITests" */;
			buildPhases = (
				8CB58259219CB8E500FBCE6C /* Sources */,
				8CB5825A219CB8E500FBCE6C /* Frameworks */,
				8CB5825B219CB8E500FBCE6C /* Resources */,
			);
			buildRules = (
			);
			dependencies = (
				8CB5825F219CB8E500FBCE6C /* PBXTargetDependency */,
			);
			name = RandomUserSwiftyiOSExampleUITests;
			productName = RandomUserSwiftyiOSExampleUITests;
			productReference = 8CB5825D219CB8E500FBCE6C /* RandomUserSwiftyiOSExampleUITests.xctest */;
			productType = "com.apple.product-type.bundle.ui-testing";
		};
/* End PBXNativeTarget section */

/* Begin PBXProject section */
		8CB58236219CB8E300FBCE6C /* Project object */ = {
			isa = PBXProject;
			attributes = {
				LastSwiftUpdateCheck = 1010;
				LastUpgradeCheck = 1010;
				ORGANIZATIONNAME = "Albin Sadowski";
				TargetAttributes = {
					8CB5823D219CB8E300FBCE6C = {
						CreatedOnToolsVersion = 10.1;
					};
					8CB58251219CB8E500FBCE6C = {
						CreatedOnToolsVersion = 10.1;
						TestTargetID = 8CB5823D219CB8E300FBCE6C;
					};
					8CB5825C219CB8E500FBCE6C = {
						CreatedOnToolsVersion = 10.1;
						TestTargetID = 8CB5823D219CB8E300FBCE6C;
					};
				};
			};
			buildConfigurationList = 8CB58239219CB8E300FBCE6C /* Build configuration list for PBXProject "RandomUserSwiftyiOSExample" */;
			compatibilityVersion = "Xcode 9.3";
			developmentRegion = en;
			hasScannedForEncodings = 0;
			knownRegions = (
				en,
				Base,
			);
			mainGroup = 8CB58235219CB8E300FBCE6C;
			productRefGroup = 8CB5823F219CB8E300FBCE6C /* Products */;
			projectDirPath = "";
			projectRoot = "";
			targets = (
				8CB5823D219CB8E300FBCE6C /* RandomUserSwiftyiOSExample */,
				8CB58251219CB8E500FBCE6C /* RandomUserSwiftyiOSExampleTests */,
				8CB5825C219CB8E500FBCE6C /* RandomUserSwiftyiOSExampleUITests */,
			);
		};
/* End PBXProject section */

/* Begin PBXResourcesBuildPhase section */
		8CB5823C219CB8E300FBCE6C /* Resources */ = {
			isa = PBXResourcesBuildPhase;
			buildActionMask = 2147483647;
			files = (
				8CB5824C219CB8E400FBCE6C /* LaunchScreen.storyboard in Resources */,
				8CB58249219CB8E400FBCE6C /* Assets.xcassets in Resources */,
				8CB58247219CB8E300FBCE6C /* Main.storyboard in Resources */,
			);
			runOnlyForDeploymentPostprocessing = 0;
		};
		8CB58250219CB8E500FBCE6C /* Resources */ = {
			isa = PBXResourcesBuildPhase;
			buildActionMask = 2147483647;
			files = (
				8CF6F19321A1EA7300415996 /* response_mock.json in Resources */,
			);
			runOnlyForDeploymentPostprocessing = 0;
		};
		8CB5825B219CB8E500FBCE6C /* Resources */ = {
			isa = PBXResourcesBuildPhase;
			buildActionMask = 2147483647;
			files = (
			);
			runOnlyForDeploymentPostprocessing = 0;
		};
/* End PBXResourcesBuildPhase section */

/* Begin PBXSourcesBuildPhase section */
		8CB5823A219CB8E300FBCE6C /* Sources */ = {
			isa = PBXSourcesBuildPhase;
			buildActionMask = 2147483647;
			files = (
				8CF6F18B21A1D2DE00415996 /* APIResponse.swift in Sources */,
				8CF6F18321A1BFD600415996 /* APIResponseParser.swift in Sources */,
				8CB58242219CB8E300FBCE6C /* AppDelegate.swift in Sources */,
				8C59E74721A2849300714602 /* Picture.swift in Sources */,
				8C59E75321A2891900714602 /* ListTableViewController.swift in Sources */,
				8C59E74821A2849300714602 /* User.swift in Sources */,
				8C7DE37521A0876D00FE1017 /* APIService.swift in Sources */,
				8C7DE37821A08BF000FE1017 /* Endpoint.swift in Sources */,
				8C59E74C21A285B500714602 /* UsersStorage.swift in Sources */,
				8CF6F19521A1F7C300415996 /* Configuration.swift in Sources */,
				8C59E74921A2849300714602 /* PictureFactory.swift in Sources */,
				8C59E74A21A2849300714602 /* UserFactory.swift in Sources */,
			);
			runOnlyForDeploymentPostprocessing = 0;
		};
		8CB5824E219CB8E500FBCE6C /* Sources */ = {
			isa = PBXSourcesBuildPhase;
			buildActionMask = 2147483647;
			files = (
				8CF6F18521A1C0FA00415996 /* APIResponseParserTests.swift in Sources */,
				8C7DE37D21A0968C00FE1017 /* EndpointTests.swift in Sources */,
			);
			runOnlyForDeploymentPostprocessing = 0;
		};
		8CB58259219CB8E500FBCE6C /* Sources */ = {
			isa = PBXSourcesBuildPhase;
			buildActionMask = 2147483647;
			files = (
				8CB58262219CB8E500FBCE6C /* RandomUserSwiftyiOSExampleUITests.swift in Sources */,
			);
			runOnlyForDeploymentPostprocessing = 0;
		};
/* End PBXSourcesBuildPhase section */

/* Begin PBXTargetDependency section */
		8CB58254219CB8E500FBCE6C /* PBXTargetDependency */ = {
			isa = PBXTargetDependency;
			target = 8CB5823D219CB8E300FBCE6C /* RandomUserSwiftyiOSExample */;
			targetProxy = 8CB58253219CB8E500FBCE6C /* PBXContainerItemProxy */;
		};
		8CB5825F219CB8E500FBCE6C /* PBXTargetDependency */ = {
			isa = PBXTargetDependency;
			target = 8CB5823D219CB8E300FBCE6C /* RandomUserSwiftyiOSExample */;
			targetProxy = 8CB5825E219CB8E500FBCE6C /* PBXContainerItemProxy */;
		};
/* End PBXTargetDependency section */

/* Begin PBXVariantGroup section */
		8CB58245219CB8E300FBCE6C /* Main.storyboard */ = {
			isa = PBXVariantGroup;
			children = (
				8CB58246219CB8E300FBCE6C /* Base */,
			);
			name = Main.storyboard;
			sourceTree = "<group>";
		};
		8CB5824A219CB8E400FBCE6C /* LaunchScreen.storyboard */ = {
			isa = PBXVariantGroup;
			children = (
				8CB5824B219CB8E400FBCE6C /* Base */,
			);
			name = LaunchScreen.storyboard;
			sourceTree = "<group>";
		};
/* End PBXVariantGroup section */

/* Begin XCBuildConfiguration section */
		8CB58264219CB8E500FBCE6C /* Debug */ = {
			isa = XCBuildConfiguration;
			buildSettings = {
				ALWAYS_SEARCH_USER_PATHS = NO;
				CLANG_ANALYZER_NONNULL = YES;
				CLANG_ANALYZER_NUMBER_OBJECT_CONVERSION = YES_AGGRESSIVE;
				CLANG_CXX_LANGUAGE_STANDARD = "gnu++14";
				CLANG_CXX_LIBRARY = "libc++";
				CLANG_ENABLE_MODULES = YES;
				CLANG_ENABLE_OBJC_ARC = YES;
				CLANG_ENABLE_OBJC_WEAK = YES;
				CLANG_WARN_BLOCK_CAPTURE_AUTORELEASING = YES;
				CLANG_WARN_BOOL_CONVERSION = YES;
				CLANG_WARN_COMMA = YES;
				CLANG_WARN_CONSTANT_CONVERSION = YES;
				CLANG_WARN_DEPRECATED_OBJC_IMPLEMENTATIONS = YES;
				CLANG_WARN_DIRECT_OBJC_ISA_USAGE = YES_ERROR;
				CLANG_WARN_DOCUMENTATION_COMMENTS = YES;
				CLANG_WARN_EMPTY_BODY = YES;
				CLANG_WARN_ENUM_CONVERSION = YES;
				CLANG_WARN_INFINITE_RECURSION = YES;
				CLANG_WARN_INT_CONVERSION = YES;
				CLANG_WARN_NON_LITERAL_NULL_CONVERSION = YES;
				CLANG_WARN_OBJC_IMPLICIT_RETAIN_SELF = YES;
				CLANG_WARN_OBJC_LITERAL_CONVERSION = YES;
				CLANG_WARN_OBJC_ROOT_CLASS = YES_ERROR;
				CLANG_WARN_RANGE_LOOP_ANALYSIS = YES;
				CLANG_WARN_STRICT_PROTOTYPES = YES;
				CLANG_WARN_SUSPICIOUS_MOVE = YES;
				CLANG_WARN_UNGUARDED_AVAILABILITY = YES_AGGRESSIVE;
				CLANG_WARN_UNREACHABLE_CODE = YES;
				CLANG_WARN__DUPLICATE_METHOD_MATCH = YES;
				CODE_SIGN_IDENTITY = "iPhone Developer";
				COPY_PHASE_STRIP = NO;
				DEBUG_INFORMATION_FORMAT = dwarf;
				ENABLE_STRICT_OBJC_MSGSEND = YES;
				ENABLE_TESTABILITY = YES;
				GCC_C_LANGUAGE_STANDARD = gnu11;
				GCC_DYNAMIC_NO_PIC = NO;
				GCC_NO_COMMON_BLOCKS = YES;
				GCC_OPTIMIZATION_LEVEL = 0;
				GCC_PREPROCESSOR_DEFINITIONS = (
					"DEBUG=1",
					"$(inherited)",
				);
				GCC_WARN_64_TO_32_BIT_CONVERSION = YES;
				GCC_WARN_ABOUT_RETURN_TYPE = YES_ERROR;
				GCC_WARN_UNDECLARED_SELECTOR = YES;
				GCC_WARN_UNINITIALIZED_AUTOS = YES_AGGRESSIVE;
				GCC_WARN_UNUSED_FUNCTION = YES;
				GCC_WARN_UNUSED_VARIABLE = YES;
				IPHONEOS_DEPLOYMENT_TARGET = 12.1;
				MTL_ENABLE_DEBUG_INFO = INCLUDE_SOURCE;
				MTL_FAST_MATH = YES;
				ONLY_ACTIVE_ARCH = YES;
				SDKROOT = iphoneos;
				SWIFT_ACTIVE_COMPILATION_CONDITIONS = DEBUG;
				SWIFT_OPTIMIZATION_LEVEL = "-Onone";
			};
			name = Debug;
		};
		8CB58265219CB8E500FBCE6C /* Release */ = {
			isa = XCBuildConfiguration;
			buildSettings = {
				ALWAYS_SEARCH_USER_PATHS = NO;
				CLANG_ANALYZER_NONNULL = YES;
				CLANG_ANALYZER_NUMBER_OBJECT_CONVERSION = YES_AGGRESSIVE;
				CLANG_CXX_LANGUAGE_STANDARD = "gnu++14";
				CLANG_CXX_LIBRARY = "libc++";
				CLANG_ENABLE_MODULES = YES;
				CLANG_ENABLE_OBJC_ARC = YES;
				CLANG_ENABLE_OBJC_WEAK = YES;
				CLANG_WARN_BLOCK_CAPTURE_AUTORELEASING = YES;
				CLANG_WARN_BOOL_CONVERSION = YES;
				CLANG_WARN_COMMA = YES;
				CLANG_WARN_CONSTANT_CONVERSION = YES;
				CLANG_WARN_DEPRECATED_OBJC_IMPLEMENTATIONS = YES;
				CLANG_WARN_DIRECT_OBJC_ISA_USAGE = YES_ERROR;
				CLANG_WARN_DOCUMENTATION_COMMENTS = YES;
				CLANG_WARN_EMPTY_BODY = YES;
				CLANG_WARN_ENUM_CONVERSION = YES;
				CLANG_WARN_INFINITE_RECURSION = YES;
				CLANG_WARN_INT_CONVERSION = YES;
				CLANG_WARN_NON_LITERAL_NULL_CONVERSION = YES;
				CLANG_WARN_OBJC_IMPLICIT_RETAIN_SELF = YES;
				CLANG_WARN_OBJC_LITERAL_CONVERSION = YES;
				CLANG_WARN_OBJC_ROOT_CLASS = YES_ERROR;
				CLANG_WARN_RANGE_LOOP_ANALYSIS = YES;
				CLANG_WARN_STRICT_PROTOTYPES = YES;
				CLANG_WARN_SUSPICIOUS_MOVE = YES;
				CLANG_WARN_UNGUARDED_AVAILABILITY = YES_AGGRESSIVE;
				CLANG_WARN_UNREACHABLE_CODE = YES;
				CLANG_WARN__DUPLICATE_METHOD_MATCH = YES;
				CODE_SIGN_IDENTITY = "iPhone Developer";
				COPY_PHASE_STRIP = NO;
				DEBUG_INFORMATION_FORMAT = "dwarf-with-dsym";
				ENABLE_NS_ASSERTIONS = NO;
				ENABLE_STRICT_OBJC_MSGSEND = YES;
				GCC_C_LANGUAGE_STANDARD = gnu11;
				GCC_NO_COMMON_BLOCKS = YES;
				GCC_WARN_64_TO_32_BIT_CONVERSION = YES;
				GCC_WARN_ABOUT_RETURN_TYPE = YES_ERROR;
				GCC_WARN_UNDECLARED_SELECTOR = YES;
				GCC_WARN_UNINITIALIZED_AUTOS = YES_AGGRESSIVE;
				GCC_WARN_UNUSED_FUNCTION = YES;
				GCC_WARN_UNUSED_VARIABLE = YES;
				IPHONEOS_DEPLOYMENT_TARGET = 12.1;
				MTL_ENABLE_DEBUG_INFO = NO;
				MTL_FAST_MATH = YES;
				SDKROOT = iphoneos;
				SWIFT_COMPILATION_MODE = wholemodule;
				SWIFT_OPTIMIZATION_LEVEL = "-O";
				VALIDATE_PRODUCT = YES;
			};
			name = Release;
		};
		8CB58267219CB8E500FBCE6C /* Debug */ = {
			isa = XCBuildConfiguration;
			buildSettings = {
				ASSETCATALOG_COMPILER_APPICON_NAME = AppIcon;
				CODE_SIGN_STYLE = Automatic;
				DEVELOPMENT_TEAM = AXTXBRU9S7;
				INFOPLIST_FILE = RandomUserSwiftyiOSExample/Info.plist;
				LD_RUNPATH_SEARCH_PATHS = (
					"$(inherited)",
					"@executable_path/Frameworks",
				);
				PRODUCT_BUNDLE_IDENTIFIER = com.albinek.ios.RandomUserSwiftyiOSExample;
				PRODUCT_NAME = "$(TARGET_NAME)";
				SWIFT_VERSION = 4.2;
				TARGETED_DEVICE_FAMILY = "1,2";
			};
			name = Debug;
		};
		8CB58268219CB8E500FBCE6C /* Release */ = {
			isa = XCBuildConfiguration;
			buildSettings = {
				ASSETCATALOG_COMPILER_APPICON_NAME = AppIcon;
				CODE_SIGN_STYLE = Automatic;
				DEVELOPMENT_TEAM = AXTXBRU9S7;
				INFOPLIST_FILE = RandomUserSwiftyiOSExample/Info.plist;
				LD_RUNPATH_SEARCH_PATHS = (
					"$(inherited)",
					"@executable_path/Frameworks",
				);
				PRODUCT_BUNDLE_IDENTIFIER = com.albinek.ios.RandomUserSwiftyiOSExample;
				PRODUCT_NAME = "$(TARGET_NAME)";
				SWIFT_VERSION = 4.2;
				TARGETED_DEVICE_FAMILY = "1,2";
			};
			name = Release;
		};
		8CB5826A219CB8E500FBCE6C /* Debug */ = {
			isa = XCBuildConfiguration;
			buildSettings = {
				ALWAYS_EMBED_SWIFT_STANDARD_LIBRARIES = YES;
				BUNDLE_LOADER = "$(TEST_HOST)";
				CODE_SIGN_STYLE = Automatic;
				DEVELOPMENT_TEAM = AXTXBRU9S7;
				INFOPLIST_FILE = RandomUserSwiftyiOSExampleTests/Info.plist;
				LD_RUNPATH_SEARCH_PATHS = (
					"$(inherited)",
					"@executable_path/Frameworks",
					"@loader_path/Frameworks",
				);
				PRODUCT_BUNDLE_IDENTIFIER = com.albinek.ios.RandomUserSwiftyiOSExampleTests;
				PRODUCT_NAME = "$(TARGET_NAME)";
				SWIFT_VERSION = 4.2;
				TARGETED_DEVICE_FAMILY = "1,2";
				TEST_HOST = "$(BUILT_PRODUCTS_DIR)/RandomUserSwiftyiOSExample.app/RandomUserSwiftyiOSExample";
			};
			name = Debug;
		};
		8CB5826B219CB8E500FBCE6C /* Release */ = {
			isa = XCBuildConfiguration;
			buildSettings = {
				ALWAYS_EMBED_SWIFT_STANDARD_LIBRARIES = YES;
				BUNDLE_LOADER = "$(TEST_HOST)";
				CODE_SIGN_STYLE = Automatic;
				DEVELOPMENT_TEAM = AXTXBRU9S7;
				INFOPLIST_FILE = RandomUserSwiftyiOSExampleTests/Info.plist;
				LD_RUNPATH_SEARCH_PATHS = (
					"$(inherited)",
					"@executable_path/Frameworks",
					"@loader_path/Frameworks",
				);
				PRODUCT_BUNDLE_IDENTIFIER = com.albinek.ios.RandomUserSwiftyiOSExampleTests;
				PRODUCT_NAME = "$(TARGET_NAME)";
				SWIFT_VERSION = 4.2;
				TARGETED_DEVICE_FAMILY = "1,2";
				TEST_HOST = "$(BUILT_PRODUCTS_DIR)/RandomUserSwiftyiOSExample.app/RandomUserSwiftyiOSExample";
			};
			name = Release;
		};
		8CB5826D219CB8E500FBCE6C /* Debug */ = {
			isa = XCBuildConfiguration;
			buildSettings = {
				ALWAYS_EMBED_SWIFT_STANDARD_LIBRARIES = YES;
				CODE_SIGN_STYLE = Automatic;
				DEVELOPMENT_TEAM = AXTXBRU9S7;
				INFOPLIST_FILE = RandomUserSwiftyiOSExampleUITests/Info.plist;
				LD_RUNPATH_SEARCH_PATHS = (
					"$(inherited)",
					"@executable_path/Frameworks",
					"@loader_path/Frameworks",
				);
				PRODUCT_BUNDLE_IDENTIFIER = com.albinek.ios.RandomUserSwiftyiOSExampleUITests;
				PRODUCT_NAME = "$(TARGET_NAME)";
				SWIFT_VERSION = 4.2;
				TARGETED_DEVICE_FAMILY = "1,2";
				TEST_TARGET_NAME = RandomUserSwiftyiOSExample;
			};
			name = Debug;
		};
		8CB5826E219CB8E500FBCE6C /* Release */ = {
			isa = XCBuildConfiguration;
			buildSettings = {
				ALWAYS_EMBED_SWIFT_STANDARD_LIBRARIES = YES;
				CODE_SIGN_STYLE = Automatic;
				DEVELOPMENT_TEAM = AXTXBRU9S7;
				INFOPLIST_FILE = RandomUserSwiftyiOSExampleUITests/Info.plist;
				LD_RUNPATH_SEARCH_PATHS = (
					"$(inherited)",
					"@executable_path/Frameworks",
					"@loader_path/Frameworks",
				);
				PRODUCT_BUNDLE_IDENTIFIER = com.albinek.ios.RandomUserSwiftyiOSExampleUITests;
				PRODUCT_NAME = "$(TARGET_NAME)";
				SWIFT_VERSION = 4.2;
				TARGETED_DEVICE_FAMILY = "1,2";
				TEST_TARGET_NAME = RandomUserSwiftyiOSExample;
			};
			name = Release;
		};
/* End XCBuildConfiguration section */

/* Begin XCConfigurationList section */
		8CB58239219CB8E300FBCE6C /* Build configuration list for PBXProject "RandomUserSwiftyiOSExample" */ = {
			isa = XCConfigurationList;
			buildConfigurations = (
				8CB58264219CB8E500FBCE6C /* Debug */,
				8CB58265219CB8E500FBCE6C /* Release */,
			);
			defaultConfigurationIsVisible = 0;
			defaultConfigurationName = Release;
		};
		8CB58266219CB8E500FBCE6C /* Build configuration list for PBXNativeTarget "RandomUserSwiftyiOSExample" */ = {
			isa = XCConfigurationList;
			buildConfigurations = (
				8CB58267219CB8E500FBCE6C /* Debug */,
				8CB58268219CB8E500FBCE6C /* Release */,
			);
			defaultConfigurationIsVisible = 0;
			defaultConfigurationName = Release;
		};
		8CB58269219CB8E500FBCE6C /* Build configuration list for PBXNativeTarget "RandomUserSwiftyiOSExampleTests" */ = {
			isa = XCConfigurationList;
			buildConfigurations = (
				8CB5826A219CB8E500FBCE6C /* Debug */,
				8CB5826B219CB8E500FBCE6C /* Release */,
			);
			defaultConfigurationIsVisible = 0;
			defaultConfigurationName = Release;
		};
		8CB5826C219CB8E500FBCE6C /* Build configuration list for PBXNativeTarget "RandomUserSwiftyiOSExampleUITests" */ = {
			isa = XCConfigurationList;
			buildConfigurations = (
				8CB5826D219CB8E500FBCE6C /* Debug */,
				8CB5826E219CB8E500FBCE6C /* Release */,
			);
			defaultConfigurationIsVisible = 0;
			defaultConfigurationName = Release;
		};
/* End XCConfigurationList section */
	};
	rootObject = 8CB58236219CB8E300FBCE6C /* Project object */;
}
